
Microsoft Visual Studio Solution File, Format Version 12.00
# Visual Studio Version 16
VisualStudioVersion = 16.0.33801.447
MinimumVisualStudioVersion = 10.0.40219.1
Project("{FAE04EC0-301F-11D3-BF4B-00C04F79EFBC}") = "DbConnect", "DbConnect\DbConnect.csproj", "{4E5E7E4C-A1DD-4316-982E-F19048AE9C92}"
EndProject
Global
	GlobalSection(SolutionConfigurationPlatforms) = preSolution
		Debug|Any CPU = Debug|Any CPU
		Release|Any CPU = Release|Any CPU
	EndGlobalSection
	GlobalSection(ProjectConfigurationPlatforms) = postSolution
		{4E5E7E4C-A1DD-4316-982E-F19048AE9C92}.Debug|Any CPU.ActiveCfg = Debug|Any CPU
		{4E5E7E4C-A1DD-4316-982E-F19048AE9C92}.Debug|Any CPU.Build.0 = Debug|Any CPU
		{4E5E7E4C-A1DD-4316-982E-F19048AE9C92}.Release|Any CPU.ActiveCfg = Release|Any CPU
		{4E5E7E4C-A1DD-4316-982E-F19048AE9C92}.Release|Any CPU.Build.0 = Release|Any CPU
	EndGlobalSection
	GlobalSection(SolutionProperties) = preSolution
		HideSolutionNode = FALSE
	EndGlobalSection
	GlobalSection(ExtensibilityGlobals) = postSolution
		SolutionGuid = {5CFA3FB4-DF8E-4241-B060-4BFBA3282F60}
	EndGlobalSection
EndGlobal
